hash: 8f5efc09ba4e3b84d34c0680ccafcbaf46590b0833bc8a07fdadfa1e7051f115
updated: 2018-06-30T19:47:31.219793179+09:00
imports:
- name: github.com/armon/go-metrics
  version: 58588f401c2cc130a7308a52ca3bc6c0a76db04b
- name: github.com/boj/redistore
  version: 56c7e0d1c035ae6c91778da50ef83af9b2312c5e
- name: github.com/davecgh/go-spew
  version: 8991bc29aa16c548c550c7ff78260e27b9ab7c73
  subpackages:
  - spew
- name: github.com/emicklei/go-restful
  version: f02ff1af75ab7f4d6506af4e50fef11bb2d10829
  subpackages:
  - log
- name: github.com/go-log/log
  version: 37e2e1f19306361e1fc152a1839f1236149cb4e4
  subpackages:
  - log
- name: github.com/golang/protobuf
  version: b4deda0973fb4c70b50d226b1af49f3da59f5265
  subpackages:
  - proto
- name: github.com/gomodule/redigo
  version: 2cd21d9966bf7ff9ae091419744f0b3fb0fecace
  subpackages:
  - internal
  - redis
- name: github.com/gorilla/context
  version: 08b5f424b9271eedf6f9f0ce86cb9396ed337a42
- name: github.com/gorilla/securecookie
  version: 78f3d318a8bf316cda921f25e96fd0b441c5173d
- name: github.com/gorilla/sessions
  version: 03b6f63cc43ef9c7240a635a5e22b13180e822b8
- name: github.com/hashicorp/consul
  version: 93b23c67ed0eb079bd2132bab630a80296def27b
  subpackages:
  - api
  - watch
- name: github.com/hashicorp/go-cleanhttp
  version: d5fe4b57a186c716b0e00b8c301cbd9b4182694d
- name: github.com/hashicorp/go-immutable-radix
  version: 7f3cd4390caab3250a57f30efdb2a65dd7649ecf
- name: github.com/hashicorp/go-rootcerts
  version: 6bb64b370b90e7ef1fa532be9e591a81c3493e00
- name: github.com/hashicorp/golang-lru
  version: 0fb14efe8c47ae851c0034ed7a448854d3d34cf3
  subpackages:
  - simplelru
- name: github.com/hashicorp/serf
  version: 984a73625de3138f44deb38d00878fab39eb6447
  subpackages:
  - coordinate
- name: github.com/lestrrat-go/jwx
  version: a95bda93e9bfe67fec3b537c3d1541d267a332fc
  subpackages:
  - internal/base64
  - jwa
  - jwk
- name: github.com/lestrrat-go/pdebug
  version: 39f9a71bcabe9432cbdfe4d3d33f41988acd2ce6
- name: github.com/micro/cli
  version: 3d2263bb092286dde294a31049c92665f8373820
- name: github.com/micro/go-api
  version: b77313d0bbce97b6a1b37169b58df38e4a78df6a
- name: github.com/micro/go-log
  version: cbfa9447f9b655f8e66583237e51f40ca9bff860
- name: github.com/micro/go-micro
  version: a2eff9918e6ecc8cefe7eac1e6058600727b5100
  subpackages:
  - broker
  - broker/codec
  - broker/codec/json
  - broker/http
  - client
  - cmd
  - codec
  - codec/jsonrpc
  - codec/protorpc
  - errors
  - metadata
  - registry
  - registry/consul
  - registry/mdns
  - selector
  - selector/cache
  - server
  - server/debug
  - server/debug/proto
  - transport
  - transport/codec
  - transport/http
- name: github.com/micro/go-plugins
  version: e4921a137273c21d26984e3d67ddee66b7e7118f
  subpackages:
  - registry/kubernetes
  - registry/kubernetes/client
  - registry/kubernetes/client/api
  - registry/kubernetes/client/watch
- name: github.com/micro/go-rcache
  version: a581a57b513351792b9f21fc8b95d87b1c5a95da
- name: github.com/micro/go-web
  version: 9e985c37de9bb2a76c60ccb0af824b57bcd99303
- name: github.com/micro/mdns
  version: cdf30746f9f70dc7a366d3d885792a092fd83102
- name: github.com/micro/util
  version: 4b7ed83e8520ab8fe6e5ef61fa2ede94b32f8602
  subpackages:
  - go/lib/addr
  - go/lib/http
  - go/lib/net
  - go/lib/tls
- name: github.com/miekg/dns
  version: e7c3f513a170118cc2f407db58de97aa20c07c85
- name: github.com/mitchellh/go-homedir
  version: 3864e76763d94a6df2f9960b16a20a33da9f9a66
- name: github.com/mitchellh/hashstructure
  version: 2bca23e0e452137f789efbc8610126fd8b94f73b
- name: github.com/mitchellh/mapstructure
  version: bb74f1db0675b241733089d5a1faa5dd8b0ef57b
- name: github.com/pborman/uuid
  version: c65b2f87fee37d1c7854c9164a450713c28d50cd
- name: github.com/pkg/errors
  version: 816c9085562cd7ee03e7f8188a1cfd942858cded
- name: github.com/sirupsen/logrus
  version: e3292c4c4d7fc915224d48222565b02f6af1900e
- name: golang.org/x/crypto
  version: a49355c7e3f8fe157a85be2f77e6e269a0f89602
  subpackages:
  - ed25519
  - ed25519/internal/edwards25519
  - ssh/terminal
- name: golang.org/x/net
  version: 4cb1c02c05b0e749b0365f61ae859a8e0cfceed9
  subpackages:
  - bpf
  - context
  - internal/iana
  - internal/socket
  - ipv4
  - ipv6
- name: golang.org/x/sys
  version: 7138fd3d9dc8335c567ca206f4333fb75eb05d56
  subpackages:
  - unix
  - windows
testImports: []
