# This file is autogenerated, do not edit; changes may be undone by the next 'dep ensure'.


[[projects]]
  name = "github.com/360EntSecGroup-Skylar/excelize"
  packages = ["."]
  revision = "dea7ba0ec43a4c29a6642d02b6edc73b8b0369f0"
  version = "v1.4.1"

[[projects]]
  branch = "master"
  name = "github.com/armon/go-metrics"
  packages = ["."]
  revision = "f0300d1749da6fa982027e449ec0c7a145510c3c"

[[projects]]
  name = "github.com/davecgh/go-spew"
  packages = ["spew"]
  revision = "8991bc29aa16c548c550c7ff78260e27b9ab7c73"
  version = "v1.1.1"

[[projects]]
  name = "github.com/dgrijalva/jwt-go"
  packages = ["."]
  revision = "06ea1031745cb8b3dab3f6a236daf2b0aa468b7e"
  version = "v3.2.0"

[[projects]]
  name = "github.com/dustin/go-humanize"
  packages = ["."]
  revision = "9f541cc9db5d55bce703bd99987c9d5cb8eea45e"
  version = "v1.0.0"

[[projects]]
  name = "github.com/emicklei/go-restful"
  packages = [".","log"]
  revision = "85d198d05a92d31823b852b4a5928114912e8949"
  version = "v2.9.0"

[[projects]]
  name = "github.com/go-log/log"
  packages = [".","log"]
  revision = "37e2e1f19306361e1fc152a1839f1236149cb4e4"
  version = "v0.1.0"

[[projects]]
  name = "github.com/go-redis/redis"
  packages = [".","internal","internal/consistenthash","internal/hashtag","internal/pool","internal/proto","internal/util"]
  revision = "22be8a3eaf992c828cecb69dc07348313bf08d2e"
  version = "v6.15.1"

[[projects]]
  branch = "master"
  name = "github.com/golang/protobuf"
  packages = ["proto"]
  revision = "c823c79ea1570fb5ff454033735a8e68575d1d0f"

[[projects]]
  name = "github.com/google/uuid"
  packages = ["."]
  revision = "9b3b1e0f5f99ae461456d768e7d301a7acdaa2d8"
  version = "v1.1.0"

[[projects]]
  name = "github.com/hashicorp/consul"
  packages = ["api","watch"]
  revision = "c97c712e96e0e53308054d5e1180289fe02dce38"
  version = "v1.4.2"

[[projects]]
  name = "github.com/hashicorp/go-cleanhttp"
  packages = ["."]
  revision = "e8ab9daed8d1ddd2d3c4efba338fe2eeae2e4f18"
  version = "v0.5.0"

[[projects]]
  name = "github.com/hashicorp/go-immutable-radix"
  packages = ["."]
  revision = "27df80928bb34bb1b0d6d0e01b9e679902e7a6b5"
  version = "v1.0.0"

[[projects]]
  name = "github.com/hashicorp/go-rootcerts"
  packages = ["."]
  revision = "63503fb4e1eca22f9ae0f90b49c5d5538a0e87eb"
  version = "v1.0.0"

[[projects]]
  name = "github.com/hashicorp/golang-lru"
  packages = ["simplelru"]
  revision = "20f1fb78b0740ba8c3cb143a61e86ba5c8669768"
  version = "v0.5.0"

[[projects]]
  name = "github.com/hashicorp/serf"
  packages = ["coordinate"]
  revision = "b89a09ebd4b1b570e0076d5097272e67c10ac4f6"
  version = "v0.8.2"

[[projects]]
  branch = "master"
  name = "github.com/ilovelili/digital-ocean-client"
  packages = ["."]
  revision = "bd991f89b0746f5cbc055ec4b1930d323c87490c"

[[projects]]
  branch = "master"
  name = "github.com/ilovelili/dongfeng-error-code"
  packages = ["."]
  revision = "9c072b892d42ff1ef10e885a680448e3781819d4"

[[projects]]
  branch = "master"
  name = "github.com/ilovelili/dongfeng-logger"
  packages = ["."]
  revision = "d26a6184d0e2064306a4ccf4c1e678ab25fd81e5"

[[projects]]
  branch = "master"
  name = "github.com/ilovelili/dongfeng-protobuf"
  packages = ["."]
  revision = "8a2b0e47f00175fe1359e74e2319fe35637307ec"

[[projects]]
  branch = "master"
  name = "github.com/ilovelili/dongfeng-shared-lib"
  packages = ["."]
  revision = "4093ff764c362cef1cd69c45d15fd365d7ff1758"

[[projects]]
  name = "github.com/json-iterator/go"
  packages = ["."]
  revision = "1624edc4454b8682399def8740d46db5e4362ba4"
  version = "v1.1.5"

[[projects]]
  name = "github.com/konsorten/go-windows-terminal-sequences"
  packages = ["."]
  revision = "5c8c8bd35d3832f5d134ae1e1e375b69a4d25242"
  version = "v1.0.1"

[[projects]]
  branch = "master"
  name = "github.com/lestrrat-go/jwx"
  packages = ["internal/base64","jwa","jwk"]
  revision = "0d477e6a1f0ec69634840308e3873fe71d928dd0"

[[projects]]
  branch = "master"
  name = "github.com/lestrrat-go/pdebug"
  packages = ["."]
  revision = "39f9a71bcabe9432cbdfe4d3d33f41988acd2ce6"

[[projects]]
  name = "github.com/micro/cli"
  packages = ["."]
  revision = "bef92b8564e931cfd32870e52be76880ce358235"
  version = "v0.1.0"

[[projects]]
  name = "github.com/micro/go-log"
  packages = ["."]
  revision = "5cb7bb4413f4ae8de0d7e826aa2854861d3a6c31"
  version = "v0.1.0"

[[projects]]
  name = "github.com/micro/go-micro"
  packages = ["broker","broker/codec","broker/codec/json","broker/http","client","cmd","codec","codec/jsonrpc","codec/protorpc","errors","metadata","registry","registry/consul","registry/mdns","selector","selector/cache","server","server/debug","server/debug/proto","transport","transport/codec","transport/http"]
  revision = "4dc593eca385b58eabb350bbac8b5917ab1307c6"
  version = "v0.14.1"

[[projects]]
  name = "github.com/micro/go-plugins"
  packages = ["registry/kubernetes","registry/kubernetes/client","registry/kubernetes/client/api","registry/kubernetes/client/watch"]
  revision = "d3d26cc3683734d0329b4c65760041807ea80eb2"
  version = "v0.16.2"

[[projects]]
  name = "github.com/micro/go-rcache"
  packages = ["."]
  revision = "c795e0972a7eb6ca2ae1098371028d168870d7d0"
  version = "v0.2.1"

[[projects]]
  name = "github.com/micro/go-web"
  packages = ["."]
  revision = "8373ea64a8063743652142796015afdf090d98db"
  version = "v0.4.0"

[[projects]]
  name = "github.com/micro/h2c"
  packages = ["."]
  revision = "b2f7b8ee5ff4fd7a8af036ecda297deb1c584460"
  version = "v1.0.0"

[[projects]]
  name = "github.com/micro/mdns"
  packages = ["."]
  revision = "3a29b6675e7404722eed4d4dde532c2e103007a7"
  version = "v0.1.0"

[[projects]]
  name = "github.com/micro/util"
  packages = ["go/lib/addr","go/lib/http","go/lib/net","go/lib/tls"]
  revision = "77fba40c3c49cc7f12e111d3901a9a710a1854c1"
  version = "v0.1.0"

[[projects]]
  name = "github.com/miekg/dns"
  packages = ["."]
  revision = "8fc2e5773bbd308ca2fcc962fd8d25c1bd0f6743"
  version = "v1.1.4"

[[projects]]
  name = "github.com/minio/minio-go"
  packages = [".","pkg/credentials","pkg/encrypt","pkg/s3signer","pkg/s3utils","pkg/set"]
  revision = "34f2b94c43ca6460e42b83624ad10308dbc9fa05"
  version = "v6.0.17"

[[projects]]
  name = "github.com/mitchellh/go-homedir"
  packages = ["."]
  revision = "af06845cf3004701891bf4fdb884bfe4920b3727"
  version = "v1.1.0"

[[projects]]
  name = "github.com/mitchellh/hashstructure"
  packages = ["."]
  revision = "a38c50148365edc8df43c1580c48fb2b3a1e9cd7"
  version = "v1.0.0"

[[projects]]
  name = "github.com/mitchellh/mapstructure"
  packages = ["."]
  revision = "3536a929edddb9a5b34bd6861dc4a9647cb459fe"
  version = "v1.1.2"

[[projects]]
  name = "github.com/modern-go/concurrent"
  packages = ["."]
  revision = "bacd9c7ef1dd9b15be4a9909b8ac7a4e313eec94"
  version = "1.0.3"

[[projects]]
  name = "github.com/modern-go/reflect2"
  packages = ["."]
  revision = "4b7aa43c6742a2c18fdef89dd197aaae7dac7ccd"
  version = "1.0.1"

[[projects]]
  branch = "master"
  name = "github.com/mohae/deepcopy"
  packages = ["."]
  revision = "c48cc78d482608239f6c4c92a4abd87eb8761c90"

[[projects]]
  name = "github.com/pborman/uuid"
  packages = ["."]
  revision = "adf5a7427709b9deb95d29d3fa8a2bf9cfd388f1"
  version = "v1.2"

[[projects]]
  name = "github.com/pkg/errors"
  packages = ["."]
  revision = "ba968bfe8b2f7e042a574c888954fccecfa385b4"
  version = "v0.8.1"

[[projects]]
  name = "github.com/segmentio/ksuid"
  packages = ["."]
  revision = "ffd9a8aaaf8f40792e055371eba06542348e991e"
  version = "v1.0.2"

[[projects]]
  name = "github.com/sirupsen/logrus"
  packages = ["."]
  revision = "e1e72e9de974bd926e5c56f83753fba2df402ce5"
  version = "v1.3.0"

[[projects]]
  branch = "master"
  name = "golang.org/x/crypto"
  packages = ["argon2","blake2b","ed25519","ed25519/internal/edwards25519","ssh/terminal"]
  revision = "a4c6cb3142f211c99e4bf4cd769535b29a9b616f"

[[projects]]
  branch = "master"
  name = "golang.org/x/net"
  packages = ["bpf","context","http/httpguts","http2","http2/hpack","idna","internal/iana","internal/socket","ipv4","ipv6","publicsuffix"]
  revision = "3a22650c66bd7f4fb6d1e8072ffd7b75c8a27898"

[[projects]]
  branch = "master"
  name = "golang.org/x/sys"
  packages = ["cpu","unix","windows"]
  revision = "b4e8571b14e03cc164df06f72b640ebce3899579"

[[projects]]
  name = "golang.org/x/text"
  packages = ["collate","collate/build","internal/colltab","internal/gen","internal/tag","internal/triegen","internal/ucd","language","secure/bidirule","transform","unicode/bidi","unicode/cldr","unicode/norm","unicode/rangetable"]
  revision = "f21a4dfb5e38f5895301dc265a8def02365cc3d0"
  version = "v0.3.0"

[[projects]]
  name = "gopkg.in/ini.v1"
  packages = ["."]
  revision = "c85607071cf08ca1adaf48319cd1aa322e81d8c1"
  version = "v1.42.0"

[solve-meta]
  analyzer-name = "dep"
  analyzer-version = 1
  inputs-digest = "e8700139ceae13c8dda277f0ffbc1b8839df3453f2283033b546dcdd75bcae48"
  solver-name = "gps-cdcl"
  solver-version = 1
